
Microsoft Visual Studio Solution File, Format Version 12.00
# Visual Studio Version 17
VisualStudioVersion = 17.4.33110.190
MinimumVisualStudioVersion = 10.0.40219.1
Project("{FAE04EC0-301F-11D3-BF4B-00C04F79EFBC}") = "Final project server", "Final project server\Final project server.csproj", "{AACBBC66-0516-4810-8507-BBE5270F7872}"
EndProject
Global
	GlobalSection(SolutionConfigurationPlatforms) = preSolution
		Debug|Any CPU = Debug|Any CPU
		Release|Any CPU = Release|Any CPU
	EndGlobalSection
	GlobalSection(ProjectConfigurationPlatforms) = postSolution
		{AACBBC66-0516-4810-8507-BBE5270F7872}.Debug|Any CPU.ActiveCfg = Debug|Any CPU
		{AACBBC66-0516-4810-8507-BBE5270F7872}.Debug|Any CPU.Build.0 = Debug|Any CPU
		{AACBBC66-0516-4810-8507-BBE5270F7872}.Release|Any CPU.ActiveCfg = Release|Any CPU
		{AACBBC66-0516-4810-8507-BBE5270F7872}.Release|Any CPU.Build.0 = Release|Any CPU
	EndGlobalSection
	GlobalSection(SolutionProperties) = preSolution
		HideSolutionNode = FALSE
	EndGlobalSection
	GlobalSection(ExtensibilityGlobals) = postSolution
		SolutionGuid = {8EFAF512-FA3A-451C-8B2B-978DD429C5C9}
	EndGlobalSection
EndGlobal
